// !$*UTF8*$!
{
	archiveVersion = 1;
	classes = {
	};
	objectVersion = 48;
	objects = {

/* Begin PBXBuildFile section */
		4DFAB883362467A2ABF3F5F0 /* Pods_PhotoFeed.framework in Frameworks */ = {isa = PBXBuildFile; fileRef = F79175BA34C7E461B469C604 /* Pods_PhotoFeed.framework */; };
		D234A1B61F38FBD400E39FD1 /* LikesController.swift in Sources */ = {isa = PBXBuildFile; fileRef = D234A1B51F38FBD400E39FD1 /* LikesController.swift */; };
		D234A1B81F3902D800E39FD1 /* Comment.swift in Sources */ = {isa = PBXBuildFile; fileRef = D234A1B71F3902D800E39FD1 /* Comment.swift */; };
		D27FC11A1F3706880043D2AF /* MediaCell.swift in Sources */ = {isa = PBXBuildFile; fileRef = D27FC1191F3706880043D2AF /* MediaCell.swift */; };
		D27FC11C1F37069E0043D2AF /* Media.swift in Sources */ = {isa = PBXBuildFile; fileRef = D27FC11B1F37069E0043D2AF /* Media.swift */; };
		D2A885A81F35CBB00058171A /* AppDelegate.swift in Sources */ = {isa = PBXBuildFile; fileRef = D2A885A71F35CBB00058171A /* AppDelegate.swift */; };
		D2A885AD1F35CBB00058171A /* Main.storyboard in Resources */ = {isa = PBXBuildFile; fileRef = D2A885AB1F35CBB00058171A /* Main.storyboard */; };
		D2A885AF1F35CBB00058171A /* Assets.xcassets in Resources */ = {isa = PBXBuildFile; fileRef = D2A885AE1F35CBB00058171A /* Assets.xcassets */; };
		D2A885B21F35CBB00058171A /* LaunchScreen.storyboard in Resources */ = {isa = PBXBuildFile; fileRef = D2A885B01F35CBB00058171A /* LaunchScreen.storyboard */; };
		D2A885C41F35CC0F0058171A /* FeedController.swift in Sources */ = {isa = PBXBuildFile; fileRef = D2A885BB1F35CC0F0058171A /* FeedController.swift */; };
		D2A885C51F35CC0F0058171A /* LoginController.swift in Sources */ = {isa = PBXBuildFile; fileRef = D2A885BC1F35CC0F0058171A /* LoginController.swift */; };
		D2A885C61F35CC0F0058171A /* MainController.swift in Sources */ = {isa = PBXBuildFile; fileRef = D2A885BD1F35CC0F0058171A /* MainController.swift */; };
		D2A885C71F35CC0F0058171A /* MenuController.swift in Sources */ = {isa = PBXBuildFile; fileRef = D2A885BE1F35CC0F0058171A /* MenuController.swift */; };
		D2A885C91F35CC0F0058171A /* ProfileController.swift in Sources */ = {isa = PBXBuildFile; fileRef = D2A885C01F35CC0F0058171A /* ProfileController.swift */; };
		D2A885CC1F35CC5B0058171A /* APIClient.swift in Sources */ = {isa = PBXBuildFile; fileRef = D2A885CB1F35CC5B0058171A /* APIClient.swift */; };
		D2CDE3DA1F371C6E00B86B9A /* Image.swift in Sources */ = {isa = PBXBuildFile; fileRef = D2CDE3D91F371C6E00B86B9A /* Image.swift */; };
		D2CDE3DC1F371CAE00B86B9A /* User.swift in Sources */ = {isa = PBXBuildFile; fileRef = D2CDE3DB1F371CAE00B86B9A /* User.swift */; };
		D2CDE3E01F37563C00B86B9A /* DataHolder.swift in Sources */ = {isa = PBXBuildFile; fileRef = D2CDE3DF1F37563C00B86B9A /* DataHolder.swift */; };
		D2CDE3E41F38363400B86B9A /* UserCell.swift in Sources */ = {isa = PBXBuildFile; fileRef = D2CDE3E31F38363400B86B9A /* UserCell.swift */; };
		D2CDE3E61F38363A00B86B9A /* CommentCell.swift in Sources */ = {isa = PBXBuildFile; fileRef = D2CDE3E51F38363A00B86B9A /* CommentCell.swift */; };
		D2CDE3E81F38366400B86B9A /* CommentsController.swift in Sources */ = {isa = PBXBuildFile; fileRef = D2CDE3E71F38366400B86B9A /* CommentsController.swift */; };
		D2CDE3EA1F38395200B86B9A /* TableController.swift in Sources */ = {isa = PBXBuildFile; fileRef = D2CDE3E91F38395200B86B9A /* TableController.swift */; };
		D2EC12C51F437F2F00709412 /* Routers.swift in Sources */ = {isa = PBXBuildFile; fileRef = D2EC12C41F437F2F00709412 /* Routers.swift */; };
		D2EC917D1F39849B008D09B4 /* UserController.swift in Sources */ = {isa = PBXBuildFile; fileRef = D2EC917C1F39849B008D09B4 /* UserController.swift */; };
		D2F124071F3A547A00E82339 /* ImageCell.swift in Sources */ = {isa = PBXBuildFile; fileRef = D2F124061F3A547A00E82339 /* ImageCell.swift */; };
		D2F124091F3A568C00E82339 /* UserView.swift in Sources */ = {isa = PBXBuildFile; fileRef = D2F124081F3A568C00E82339 /* UserView.swift */; };
		D2F1240B1F3A56E100E82339 /* CollectionController.swift in Sources */ = {isa = PBXBuildFile; fileRef = D2F1240A1F3A56E100E82339 /* CollectionController.swift */; };
		D2F1240D1F3A6E8F00E82339 /* FollowingController.swift in Sources */ = {isa = PBXBuildFile; fileRef = D2F1240C1F3A6E8F00E82339 /* FollowingController.swift */; };
		D2F1240F1F3A6E9700E82339 /* FollowerController.swift in Sources */ = {isa = PBXBuildFile; fileRef = D2F1240E1F3A6E9700E82339 /* FollowerController.swift */; };
/* End PBXBuildFile section */

/* Begin PBXFileReference section */
		403ABA58D3FA7A737F8B60CF /* Pods-PhotoFeed.debug.xcconfig */ = {isa = PBXFileReference; includeInIndex = 1; lastKnownFileType = text.xcconfig; name = "Pods-PhotoFeed.debug.xcconfig"; path = "Pods/Target Support Files/Pods-PhotoFeed/Pods-PhotoFeed.debug.xcconfig"; sourceTree = "<group>"; };
		5FA29E7D04E45BDA6B141739 /* Pods-PhotoFeed.release.xcconfig */ = {isa = PBXFileReference; includeInIndex = 1; lastKnownFileType = text.xcconfig; name = "Pods-PhotoFeed.release.xcconfig"; path = "Pods/Target Support Files/Pods-PhotoFeed/Pods-PhotoFeed.release.xcconfig"; sourceTree = "<group>"; };
		D234A1B51F38FBD400E39FD1 /* LikesController.swift */ = {isa = PBXFileReference; lastKnownFileType = sourcecode.swift; path = LikesController.swift; sourceTree = "<group>"; };
		D234A1B71F3902D800E39FD1 /* Comment.swift */ = {isa = PBXFileReference; lastKnownFileType = sourcecode.swift; path = Comment.swift; sourceTree = "<group>"; };
		D27FC1191F3706880043D2AF /* MediaCell.swift */ = {isa = PBXFileReference; lastKnownFileType = sourcecode.swift; path = MediaCell.swift; sourceTree = "<group>"; };
		D27FC11B1F37069E0043D2AF /* Media.swift */ = {isa = PBXFileReference; lastKnownFileType = sourcecode.swift; path = Media.swift; sourceTree = "<group>"; };
		D2A885A41F35CBB00058171A /* PhotoFeed.app */ = {isa = PBXFileReference; explicitFileType = wrapper.application; includeInIndex = 0; path = PhotoFeed.app; sourceTree = BUILT_PRODUCTS_DIR; };
		D2A885A71F35CBB00058171A /* AppDelegate.swift */ = {isa = PBXFileReference; lastKnownFileType = sourcecode.swift; path = AppDelegate.swift; sourceTree = "<group>"; };
		D2A885AC1F35CBB00058171A /* Base */ = {isa = PBXFileReference; lastKnownFileType = file.storyboard; name = Base; path = Base.lproj/Main.storyboard; sourceTree = "<group>"; };
		D2A885AE1F35CBB00058171A /* Assets.xcassets */ = {isa = PBXFileReference; lastKnownFileType = folder.assetcatalog; path = Assets.xcassets; sourceTree = "<group>"; };
		D2A885B11F35CBB00058171A /* Base */ = {isa = PBXFileReference; lastKnownFileType = file.storyboard; name = Base; path = Base.lproj/LaunchScreen.storyboard; sourceTree = "<group>"; };
		D2A885B31F35CBB00058171A /* Info.plist */ = {isa = PBXFileReference; lastKnownFileType = text.plist.xml; path = Info.plist; sourceTree = "<group>"; };
		D2A885BB1F35CC0F0058171A /* FeedController.swift */ = {isa = PBXFileReference; fileEncoding = 4; lastKnownFileType = sourcecode.swift; path = FeedController.swift; sourceTree = "<group>"; };
		D2A885BC1F35CC0F0058171A /* LoginController.swift */ = {isa = PBXFileReference; fileEncoding = 4; lastKnownFileType = sourcecode.swift; path = LoginController.swift; sourceTree = "<group>"; };
		D2A885BD1F35CC0F0058171A /* MainController.swift */ = {isa = PBXFileReference; fileEncoding = 4; lastKnownFileType = sourcecode.swift; path = MainController.swift; sourceTree = "<group>"; };
		D2A885BE1F35CC0F0058171A /* MenuController.swift */ = {isa = PBXFileReference; fileEncoding = 4; lastKnownFileType = sourcecode.swift; path = MenuController.swift; sourceTree = "<group>"; };
		D2A885C01F35CC0F0058171A /* ProfileController.swift */ = {isa = PBXFileReference; fileEncoding = 4; lastKnownFileType = sourcecode.swift; path = ProfileController.swift; sourceTree = "<group>"; };
		D2A885CB1F35CC5B0058171A /* APIClient.swift */ = {isa = PBXFileReference; lastKnownFileType = sourcecode.swift; path = APIClient.swift; sourceTree = "<group>"; };
		D2CDE3D91F371C6E00B86B9A /* Image.swift */ = {isa = PBXFileReference; lastKnownFileType = sourcecode.swift; path = Image.swift; sourceTree = "<group>"; };
		D2CDE3DB1F371CAE00B86B9A /* User.swift */ = {isa = PBXFileReference; lastKnownFileType = sourcecode.swift; path = User.swift; sourceTree = "<group>"; };
		D2CDE3DF1F37563C00B86B9A /* DataHolder.swift */ = {isa = PBXFileReference; lastKnownFileType = sourcecode.swift; path = DataHolder.swift; sourceTree = "<group>"; };
		D2CDE3E31F38363400B86B9A /* UserCell.swift */ = {isa = PBXFileReference; lastKnownFileType = sourcecode.swift; path = UserCell.swift; sourceTree = "<group>"; };
		D2CDE3E51F38363A00B86B9A /* CommentCell.swift */ = {isa = PBXFileReference; lastKnownFileType = sourcecode.swift; path = CommentCell.swift; sourceTree = "<group>"; };
		D2CDE3E71F38366400B86B9A /* CommentsController.swift */ = {isa = PBXFileReference; lastKnownFileType = sourcecode.swift; path = CommentsController.swift; sourceTree = "<group>"; };
		D2CDE3E91F38395200B86B9A /* TableController.swift */ = {isa = PBXFileReference; lastKnownFileType = sourcecode.swift; path = TableController.swift; sourceTree = "<group>"; };
		D2EC12C41F437F2F00709412 /* Routers.swift */ = {isa = PBXFileReference; lastKnownFileType = sourcecode.swift; path = Routers.swift; sourceTree = "<group>"; };
		D2EC917C1F39849B008D09B4 /* UserController.swift */ = {isa = PBXFileReference; lastKnownFileType = sourcecode.swift; path = UserController.swift; sourceTree = "<group>"; };
		D2F124061F3A547A00E82339 /* ImageCell.swift */ = {isa = PBXFileReference; lastKnownFileType = sourcecode.swift; path = ImageCell.swift; sourceTree = "<group>"; };
		D2F124081F3A568C00E82339 /* UserView.swift */ = {isa = PBXFileReference; lastKnownFileType = sourcecode.swift; path = UserView.swift; sourceTree = "<group>"; };
		D2F1240A1F3A56E100E82339 /* CollectionController.swift */ = {isa = PBXFileReference; lastKnownFileType = sourcecode.swift; path = CollectionController.swift; sourceTree = "<group>"; };
		D2F1240C1F3A6E8F00E82339 /* FollowingController.swift */ = {isa = PBXFileReference; lastKnownFileType = sourcecode.swift; path = FollowingController.swift; sourceTree = "<group>"; };
		D2F1240E1F3A6E9700E82339 /* FollowerController.swift */ = {isa = PBXFileReference; lastKnownFileType = sourcecode.swift; path = FollowerController.swift; sourceTree = "<group>"; };
		F79175BA34C7E461B469C604 /* Pods_PhotoFeed.framework */ = {isa = PBXFileReference; explicitFileType = wrapper.framework; includeInIndex = 0; path = Pods_PhotoFeed.framework; sourceTree = BUILT_PRODUCTS_DIR; };
/* End PBXFileReference section */

/* Begin PBXFrameworksBuildPhase section */
		D2A885A11F35CBB00058171A /* Frameworks */ = {
			isa = PBXFrameworksBuildPhase;
			buildActionMask = 2147483647;
			files = (
				4DFAB883362467A2ABF3F5F0 /* Pods_PhotoFeed.framework in Frameworks */,
			);
			runOnlyForDeploymentPostprocessing = 0;
		};
/* End PBXFrameworksBuildPhase section */

/* Begin PBXGroup section */
		B5C7947D6E2DCD9C6AE44E3A /* Pods */ = {
			isa = PBXGroup;
			children = (
				403ABA58D3FA7A737F8B60CF /* Pods-PhotoFeed.debug.xcconfig */,
				5FA29E7D04E45BDA6B141739 /* Pods-PhotoFeed.release.xcconfig */,
			);
			name = Pods;
			sourceTree = "<group>";
		};
		BEA4EE4B50A3C1D8ECE7E7B1 /* Frameworks */ = {
			isa = PBXGroup;
			children = (
				F79175BA34C7E461B469C604 /* Pods_PhotoFeed.framework */,
			);
			name = Frameworks;
			sourceTree = "<group>";
		};
		D2A8859B1F35CBB00058171A = {
			isa = PBXGroup;
			children = (
				D2A885A61F35CBB00058171A /* PhotoFeed */,
				D2A885A51F35CBB00058171A /* Products */,
				B5C7947D6E2DCD9C6AE44E3A /* Pods */,
				BEA4EE4B50A3C1D8ECE7E7B1 /* Frameworks */,
			);
			sourceTree = "<group>";
		};
		D2A885A51F35CBB00058171A /* Products */ = {
			isa = PBXGroup;
			children = (
				D2A885A41F35CBB00058171A /* PhotoFeed.app */,
			);
			name = Products;
			sourceTree = "<group>";
		};
		D2A885A61F35CBB00058171A /* PhotoFeed */ = {
			isa = PBXGroup;
			children = (
				D2EC12C31F437F2400709412 /* Routing */,
				D2A885BA1F35CC0F0058171A /* Controllers */,
				D2A885C31F35CC0F0058171A /* Library */,
				D2A885B91F35CC0F0058171A /* Models */,
				D2A885C21F35CC0F0058171A /* Views */,
				D2A885A71F35CBB00058171A /* AppDelegate.swift */,
				D2A885AB1F35CBB00058171A /* Main.storyboard */,
				D2A885AE1F35CBB00058171A /* Assets.xcassets */,
				D2A885B01F35CBB00058171A /* LaunchScreen.storyboard */,
				D2A885B31F35CBB00058171A /* Info.plist */,
			);
			path = PhotoFeed;
			sourceTree = "<group>";
		};
		D2A885B91F35CC0F0058171A /* Models */ = {
			isa = PBXGroup;
			children = (
				D27FC11B1F37069E0043D2AF /* Media.swift */,
				D2CDE3D91F371C6E00B86B9A /* Image.swift */,
				D2CDE3DB1F371CAE00B86B9A /* User.swift */,
				D2CDE3DF1F37563C00B86B9A /* DataHolder.swift */,
				D234A1B71F3902D800E39FD1 /* Comment.swift */,
			);
			path = Models;
			sourceTree = "<group>";
		};
		D2A885BA1F35CC0F0058171A /* Controllers */ = {
			isa = PBXGroup;
			children = (
				D2A885BB1F35CC0F0058171A /* FeedController.swift */,
				D2A885BC1F35CC0F0058171A /* LoginController.swift */,
				D2A885BD1F35CC0F0058171A /* MainController.swift */,
				D2A885BE1F35CC0F0058171A /* MenuController.swift */,
				D2A885C01F35CC0F0058171A /* ProfileController.swift */,
				D2CDE3E71F38366400B86B9A /* CommentsController.swift */,
				D234A1B51F38FBD400E39FD1 /* LikesController.swift */,
				D2EC917C1F39849B008D09B4 /* UserController.swift */,
				D2F1240C1F3A6E8F00E82339 /* FollowingController.swift */,
				D2F1240E1F3A6E9700E82339 /* FollowerController.swift */,
			);
			path = Controllers;
			sourceTree = "<group>";
		};
		D2A885C21F35CC0F0058171A /* Views */ = {
			isa = PBXGroup;
			children = (
				D27FC1191F3706880043D2AF /* MediaCell.swift */,
				D2CDE3E31F38363400B86B9A /* UserCell.swift */,
				D2CDE3E51F38363A00B86B9A /* CommentCell.swift */,
				D2F124061F3A547A00E82339 /* ImageCell.swift */,
				D2F124081F3A568C00E82339 /* UserView.swift */,
			);
			path = Views;
			sourceTree = "<group>";
		};
		D2A885C31F35CC0F0058171A /* Library */ = {
			isa = PBXGroup;
			children = (
				D2A885CB1F35CC5B0058171A /* APIClient.swift */,
				D2CDE3E91F38395200B86B9A /* TableController.swift */,
				D2F1240A1F3A56E100E82339 /* CollectionController.swift */,
			);
			path = Library;
			sourceTree = "<group>";
		};
		D2EC12C31F437F2400709412 /* Routing */ = {
			isa = PBXGroup;
			children = (
				D2EC12C41F437F2F00709412 /* Routers.swift */,
			);
			path = Routing;
			sourceTree = "<group>";
		};
/* End PBXGroup section */

/* Begin PBXNativeTarget section */
		D2A885A31F35CBB00058171A /* PhotoFeed */ = {
			isa = PBXNativeTarget;
			buildConfigurationList = D2A885B61F35CBB00058171A /* Build configuration list for PBXNativeTarget "PhotoFeed" */;
			buildPhases = (
				B5D475499DE4A2F337A50853 /* [CP] Check Pods Manifest.lock */,
				D2A885A01F35CBB00058171A /* Sources */,
				D2A885A11F35CBB00058171A /* Frameworks */,
				D2A885A21F35CBB00058171A /* Resources */,
				71E4B26E4B60A844AD2C02B0 /* [CP] Embed Pods Frameworks */,
				B5D89D1B29B6129E21DA9882 /* [CP] Copy Pods Resources */,
			);
			buildRules = (
			);
			dependencies = (
			);
			name = PhotoFeed;
			productName = PhotoFeed;
			productReference = D2A885A41F35CBB00058171A /* PhotoFeed.app */;
			productType = "com.apple.product-type.application";
		};
/* End PBXNativeTarget section */

/* Begin PBXProject section */
		D2A8859C1F35CBB00058171A /* Project object */ = {
			isa = PBXProject;
			attributes = {
				LastSwiftUpdateCheck = 0900;
				LastUpgradeCheck = 0900;
				ORGANIZATIONNAME = Raywenderlich;
				TargetAttributes = {
					D2A885A31F35CBB00058171A = {
						CreatedOnToolsVersion = 9.0;
						ProvisioningStyle = Manual;
						SystemCapabilities = {
							com.apple.BackgroundModes = {
								enabled = 1;
							};
						};
					};
				};
			};
			buildConfigurationList = D2A8859F1F35CBB00058171A /* Build configuration list for PBXProject "PhotoFeed" */;
			compatibilityVersion = "Xcode 8.0";
			developmentRegion = en;
			hasScannedForEncodings = 0;
			knownRegions = (
				en,
				Base,
			);
			mainGroup = D2A8859B1F35CBB00058171A;
			productRefGroup = D2A885A51F35CBB00058171A /* Products */;
			projectDirPath = "";
			projectRoot = "";
			targets = (
				D2A885A31F35CBB00058171A /* PhotoFeed */,
			);
		};
/* End PBXProject section */

/* Begin PBXResourcesBuildPhase section */
		D2A885A21F35CBB00058171A /* Resources */ = {
			isa = PBXResourcesBuildPhase;
			buildActionMask = 2147483647;
			files = (
				D2A885B21F35CBB00058171A /* LaunchScreen.storyboard in Resources */,
				D2A885AF1F35CBB00058171A /* Assets.xcassets in Resources */,
				D2A885AD1F35CBB00058171A /* Main.storyboard in Resources */,
			);
			runOnlyForDeploymentPostprocessing = 0;
		};
/* End PBXResourcesBuildPhase section */

/* Begin PBXShellScriptBuildPhase section */
		71E4B26E4B60A844AD2C02B0 /* [CP] Embed Pods Frameworks */ = {
			isa = PBXShellScriptBuildPhase;
			buildActionMask = 2147483647;
			files = (
			);
			inputPaths = (
				"${SRCROOT}/Pods/Target Support Files/Pods-PhotoFeed/Pods-PhotoFeed-frameworks.sh",
				"${BUILT_PRODUCTS_DIR}/Alamofire/Alamofire.framework",
				"${BUILT_PRODUCTS_DIR}/Anchors/Anchors.framework",
				"${BUILT_PRODUCTS_DIR}/Compass/Compass.framework",
				"${BUILT_PRODUCTS_DIR}/Kingfisher/Kingfisher.framework",
				"${BUILT_PRODUCTS_DIR}/Pastel/Pastel.framework",
			);
			name = "[CP] Embed Pods Frameworks";
			outputPaths = (
				"${TARGET_BUILD_DIR}/${FRAMEWORKS_FOLDER_PATH}/Alamofire.framework",
				"${TARGET_BUILD_DIR}/${FRAMEWORKS_FOLDER_PATH}/Anchors.framework",
				"${TARGET_BUILD_DIR}/${FRAMEWORKS_FOLDER_PATH}/Compass.framework",
				"${TARGET_BUILD_DIR}/${FRAMEWORKS_FOLDER_PATH}/Kingfisher.framework",
				"${TARGET_BUILD_DIR}/${FRAMEWORKS_FOLDER_PATH}/Pastel.framework",
			);
			runOnlyForDeploymentPostprocessing = 0;
			shellPath = /bin/sh;
			shellScript = "\"${SRCROOT}/Pods/Target Support Files/Pods-PhotoFeed/Pods-PhotoFeed-frameworks.sh\"\n";
			showEnvVarsInLog = 0;
		};
		B5D475499DE4A2F337A50853 /* [CP] Check Pods Manifest.lock */ = {
			isa = PBXShellScriptBuildPhase;
			buildActionMask = 2147483647;
			files = (
			);
			inputPaths = (
				"${PODS_PODFILE_DIR_PATH}/Podfile.lock",
				"${PODS_ROOT}/Manifest.lock",
			);
			name = "[CP] Check Pods Manifest.lock";
			outputPaths = (
				"$(DERIVED_FILE_DIR)/Pods-PhotoFeed-checkManifestLockResult.txt",
			);
			runOnlyForDeploymentPostprocessing = 0;
			shellPath = /bin/sh;
			shellScript = "diff \"${PODS_PODFILE_DIR_PATH}/Podfile.lock\" \"${PODS_ROOT}/Manifest.lock\" > /dev/null\nif [ $? != 0 ] ; then\n    # print error to STDERR\n    echo \"error: The sandbox is not in sync with the Podfile.lock. Run 'pod install' or update your CocoaPods installation.\" >&2\n    exit 1\nfi\n# This output is used by Xcode 'outputs' to avoid re-running this script phase.\necho \"SUCCESS\" > \"${SCRIPT_OUTPUT_FILE_0}\"\n";
			showEnvVarsInLog = 0;
		};
		B5D89D1B29B6129E21DA9882 /* [CP] Copy Pods Resources */ = {
			isa = PBXShellScriptBuildPhase;
			buildActionMask = 2147483647;
			files = (
			);
			inputPaths = (
			);
			name = "[CP] Copy Pods Resources";
			outputPaths = (
			);
			runOnlyForDeploymentPostprocessing = 0;
			shellPath = /bin/sh;
			shellScript = "\"${SRCROOT}/Pods/Target Support Files/Pods-PhotoFeed/Pods-PhotoFeed-resources.sh\"\n";
			showEnvVarsInLog = 0;
		};
/* End PBXShellScriptBuildPhase section */

/* Begin PBXSourcesBuildPhase section */
		D2A885A01F35CBB00058171A /* Sources */ = {
			isa = PBXSourcesBuildPhase;
			buildActionMask = 2147483647;
			files = (
				D2EC12C51F437F2F00709412 /* Routers.swift in Sources */,
				D234A1B61F38FBD400E39FD1 /* LikesController.swift in Sources */,
				D2F1240F1F3A6E9700E82339 /* FollowerController.swift in Sources */,
				D2CDE3EA1F38395200B86B9A /* TableController.swift in Sources */,
				D2A885C51F35CC0F0058171A /* LoginController.swift in Sources */,
				D2F124091F3A568C00E82339 /* UserView.swift in Sources */,
				D2CDE3E01F37563C00B86B9A /* DataHolder.swift in Sources */,
				D2CDE3E41F38363400B86B9A /* UserCell.swift in Sources */,
				D2CDE3E61F38363A00B86B9A /* CommentCell.swift in Sources */,
				D2A885CC1F35CC5B0058171A /* APIClient.swift in Sources */,
				D2CDE3E81F38366400B86B9A /* CommentsController.swift in Sources */,
				D27FC11A1F3706880043D2AF /* MediaCell.swift in Sources */,
				D2A885C41F35CC0F0058171A /* FeedController.swift in Sources */,
				D2CDE3DC1F371CAE00B86B9A /* User.swift in Sources */,
				D2F1240B1F3A56E100E82339 /* CollectionController.swift in Sources */,
				D2F1240D1F3A6E8F00E82339 /* FollowingController.swift in Sources */,
				D2CDE3DA1F371C6E00B86B9A /* Image.swift in Sources */,
				D2F124071F3A547A00E82339 /* ImageCell.swift in Sources */,
				D2A885A81F35CBB00058171A /* AppDelegate.swift in Sources */,
				D234A1B81F3902D800E39FD1 /* Comment.swift in Sources */,
				D27FC11C1F37069E0043D2AF /* Media.swift in Sources */,
				D2A885C71F35CC0F0058171A /* MenuController.swift in Sources */,
				D2EC917D1F39849B008D09B4 /* UserController.swift in Sources */,
				D2A885C61F35CC0F0058171A /* MainController.swift in Sources */,
				D2A885C91F35CC0F0058171A /* ProfileController.swift in Sources */,
			);
			runOnlyForDeploymentPostprocessing = 0;
		};
/* End PBXSourcesBuildPhase section */

/* Begin PBXVariantGroup section */
		D2A885AB1F35CBB00058171A /* Main.storyboard */ = {
			isa = PBXVariantGroup;
			children = (
				D2A885AC1F35CBB00058171A /* Base */,
			);
			name = Main.storyboard;
			sourceTree = "<group>";
		};
		D2A885B01F35CBB00058171A /* LaunchScreen.storyboard */ = {
			isa = PBXVariantGroup;
			children = (
				D2A885B11F35CBB00058171A /* Base */,
			);
			name = LaunchScreen.storyboard;
			sourceTree = "<group>";
		};
/* End PBXVariantGroup section */

/* Begin XCBuildConfiguration section */
		D2A885B41F35CBB00058171A /* Debug */ = {
			isa = XCBuildConfiguration;
			buildSettings = {
				ALWAYS_SEARCH_USER_PATHS = NO;
				CLANG_ANALYZER_NONNULL = YES;
				CLANG_ANALYZER_NUMBER_OBJECT_CONVERSION = YES_AGGRESSIVE;
				CLANG_CXX_LANGUAGE_STANDARD = "gnu++14";
				CLANG_CXX_LIBRARY = "libc++";
				CLANG_ENABLE_MODULES = YES;
				CLANG_ENABLE_OBJC_ARC = YES;
				CLANG_WARN_BLOCK_CAPTURE_AUTORELEASING = YES;
				CLANG_WARN_BOOL_CONVERSION = YES;
				CLANG_WARN_COMMA = YES;
				CLANG_WARN_CONSTANT_CONVERSION = YES;
				CLANG_WARN_DIRECT_OBJC_ISA_USAGE = YES_ERROR;
				CLANG_WARN_DOCUMENTATION_COMMENTS = YES;
				CLANG_WARN_EMPTY_BODY = YES;
				CLANG_WARN_ENUM_CONVERSION = YES;
				CLANG_WARN_INFINITE_RECURSION = YES;
				CLANG_WARN_INT_CONVERSION = YES;
				CLANG_WARN_NON_LITERAL_NULL_CONVERSION = YES;
				CLANG_WARN_OBJC_LITERAL_CONVERSION = YES;
				CLANG_WARN_OBJC_ROOT_CLASS = YES_ERROR;
				CLANG_WARN_RANGE_LOOP_ANALYSIS = YES;
				CLANG_WARN_STRICT_PROTOTYPES = YES;
				CLANG_WARN_SUSPICIOUS_MOVE = YES;
				CLANG_WARN_UNGUARDED_AVAILABILITY = YES_AGGRESSIVE;
				CLANG_WARN_UNREACHABLE_CODE = YES;
				CLANG_WARN__DUPLICATE_METHOD_MATCH = YES;
				CODE_SIGN_IDENTITY = "iPhone Developer";
				COPY_PHASE_STRIP = NO;
				DEBUG_INFORMATION_FORMAT = dwarf;
				ENABLE_STRICT_OBJC_MSGSEND = YES;
				ENABLE_TESTABILITY = YES;
				GCC_C_LANGUAGE_STANDARD = gnu11;
				GCC_DYNAMIC_NO_PIC = NO;
				GCC_NO_COMMON_BLOCKS = YES;
				GCC_OPTIMIZATION_LEVEL = 0;
				GCC_PREPROCESSOR_DEFINITIONS = (
					"DEBUG=1",
					"$(inherited)",
				);
				GCC_WARN_64_TO_32_BIT_CONVERSION = YES;
				GCC_WARN_ABOUT_RETURN_TYPE = YES_ERROR;
				GCC_WARN_UNDECLARED_SELECTOR = YES;
				GCC_WARN_UNINITIALIZED_AUTOS = YES_AGGRESSIVE;
				GCC_WARN_UNUSED_FUNCTION = YES;
				GCC_WARN_UNUSED_VARIABLE = YES;
				IPHONEOS_DEPLOYMENT_TARGET = 11.0;
				MTL_ENABLE_DEBUG_INFO = YES;
				ONLY_ACTIVE_ARCH = YES;
				SDKROOT = iphoneos;
				SWIFT_ACTIVE_COMPILATION_CONDITIONS = DEBUG;
				SWIFT_OPTIMIZATION_LEVEL = "-Onone";
			};
			name = Debug;
		};
		D2A885B51F35CBB00058171A /* Release */ = {
			isa = XCBuildConfiguration;
			buildSettings = {
				ALWAYS_SEARCH_USER_PATHS = NO;
				CLANG_ANALYZER_NONNULL = YES;
				CLANG_ANALYZER_NUMBER_OBJECT_CONVERSION = YES_AGGRESSIVE;
				CLANG_CXX_LANGUAGE_STANDARD = "gnu++14";
				CLANG_CXX_LIBRARY = "libc++";
				CLANG_ENABLE_MODULES = YES;
				CLANG_ENABLE_OBJC_ARC = YES;
				CLANG_WARN_BLOCK_CAPTURE_AUTORELEASING = YES;
				CLANG_WARN_BOOL_CONVERSION = YES;
				CLANG_WARN_COMMA = YES;
				CLANG_WARN_CONSTANT_CONVERSION = YES;
				CLANG_WARN_DIRECT_OBJC_ISA_USAGE = YES_ERROR;
				CLANG_WARN_DOCUMENTATION_COMMENTS = YES;
				CLANG_WARN_EMPTY_BODY = YES;
				CLANG_WARN_ENUM_CONVERSION = YES;
				CLANG_WARN_INFINITE_RECURSION = YES;
				CLANG_WARN_INT_CONVERSION = YES;
				CLANG_WARN_NON_LITERAL_NULL_CONVERSION = YES;
				CLANG_WARN_OBJC_LITERAL_CONVERSION = YES;
				CLANG_WARN_OBJC_ROOT_CLASS = YES_ERROR;
				CLANG_WARN_RANGE_LOOP_ANALYSIS = YES;
				CLANG_WARN_STRICT_PROTOTYPES = YES;
				CLANG_WARN_SUSPICIOUS_MOVE = YES;
				CLANG_WARN_UNGUARDED_AVAILABILITY = YES_AGGRESSIVE;
				CLANG_WARN_UNREACHABLE_CODE = YES;
				CLANG_WARN__DUPLICATE_METHOD_MATCH = YES;
				CODE_SIGN_IDENTITY = "iPhone Developer";
				COPY_PHASE_STRIP = NO;
				DEBUG_INFORMATION_FORMAT = "dwarf-with-dsym";
				ENABLE_NS_ASSERTIONS = NO;
				ENABLE_STRICT_OBJC_MSGSEND = YES;
				GCC_C_LANGUAGE_STANDARD = gnu11;
				GCC_NO_COMMON_BLOCKS = YES;
				GCC_WARN_64_TO_32_BIT_CONVERSION = YES;
				GCC_WARN_ABOUT_RETURN_TYPE = YES_ERROR;
				GCC_WARN_UNDECLARED_SELECTOR = YES;
				GCC_WARN_UNINITIALIZED_AUTOS = YES_AGGRESSIVE;
				GCC_WARN_UNUSED_FUNCTION = YES;
				GCC_WARN_UNUSED_VARIABLE = YES;
				IPHONEOS_DEPLOYMENT_TARGET = 11.0;
				MTL_ENABLE_DEBUG_INFO = NO;
				SDKROOT = iphoneos;
				SWIFT_OPTIMIZATION_LEVEL = "-Owholemodule";
				VALIDATE_PRODUCT = YES;
			};
			name = Release;
		};
		D2A885B71F35CBB00058171A /* Debug */ = {
			isa = XCBuildConfiguration;
			baseConfigurationReference = 403ABA58D3FA7A737F8B60CF /* Pods-PhotoFeed.debug.xcconfig */;
			buildSettings = {
				ASSETCATALOG_COMPILER_APPICON_NAME = AppIcon;
				CODE_SIGN_STYLE = Manual;
				DEVELOPMENT_TEAM = "";
				INFOPLIST_FILE = PhotoFeed/Info.plist;
				LD_RUNPATH_SEARCH_PATHS = "$(inherited) @executable_path/Frameworks";
				PRODUCT_BUNDLE_IDENTIFIER = com.raywenderlich.PhotoFeed;
				PRODUCT_NAME = "$(TARGET_NAME)";
				PROVISIONING_PROFILE_SPECIFIER = "";
				SWIFT_VERSION = 4.0;
				TARGETED_DEVICE_FAMILY = "1,2";
			};
			name = Debug;
		};
		D2A885B81F35CBB00058171A /* Release */ = {
			isa = XCBuildConfiguration;
			baseConfigurationReference = 5FA29E7D04E45BDA6B141739 /* Pods-PhotoFeed.release.xcconfig */;
			buildSettings = {
				ASSETCATALOG_COMPILER_APPICON_NAME = AppIcon;
				CODE_SIGN_STYLE = Manual;
				DEVELOPMENT_TEAM = "";
				INFOPLIST_FILE = PhotoFeed/Info.plist;
				LD_RUNPATH_SEARCH_PATHS = "$(inherited) @executable_path/Frameworks";
				PRODUCT_BUNDLE_IDENTIFIER = com.raywenderlich.PhotoFeed;
				PRODUCT_NAME = "$(TARGET_NAME)";
				PROVISIONING_PROFILE_SPECIFIER = "";
				SWIFT_VERSION = 4.0;
				TARGETED_DEVICE_FAMILY = "1,2";
			};
			name = Release;
		};
/* End XCBuildConfiguration section */

/* Begin XCConfigurationList section */
		D2A8859F1F35CBB00058171A /* Build configuration list for PBXProject "PhotoFeed" */ = {
			isa = XCConfigurationList;
			buildConfigurations = (
				D2A885B41F35CBB00058171A /* Debug */,
				D2A885B51F35CBB00058171A /* Release */,
			);
			defaultConfigurationIsVisible = 0;
			defaultConfigurationName = Release;
		};
		D2A885B61F35CBB00058171A /* Build configuration list for PBXNativeTarget "PhotoFeed" */ = {
			isa = XCConfigurationList;
			buildConfigurations = (
				D2A885B71F35CBB00058171A /* Debug */,
				D2A885B81F35CBB00058171A /* Release */,
			);
			defaultConfigurationIsVisible = 0;
			defaultConfigurationName = Release;
		};
/* End XCConfigurationList section */
	};
	rootObject = D2A8859C1F35CBB00058171A /* Project object */;
}
